
Microsoft Visual Studio Solution File, Format Version 12.00
# Visual Studio Version 17
VisualStudioVersion = 17.4.33213.308
MinimumVisualStudioVersion = 10.0.40219.1
Project("{FAE04EC0-301F-11D3-BF4B-00C04F79EFBC}") = "BeautySalon.Web", "BeautySalon.Web\BeautySalon.Web.csproj", "{4BED7010-ADCE-4BD0-8BDC-BE2A2689F9CF}"
EndProject
Project("{FAE04EC0-301F-11D3-BF4B-00C04F79EFBC}") = "BeautySalon.DataAccess", "BeautySalon.DataAccess\BeautySalon.DataAccess.csproj", "{C2A8C4A2-3B9D-4BD1-A670-01EE9C772F90}"
EndProject
Project("{FAE04EC0-301F-11D3-BF4B-00C04F79EFBC}") = "BeautySalon.Domain", "BeautySalon.Domain\BeautySalon.Domain.csproj", "{04DA3CEE-FEFA-4B18-A36A-353FB454C58C}"
EndProject
Global
	GlobalSection(SolutionConfigurationPlatforms) = preSolution
		Debug|Any CPU = Debug|Any CPU
		Release|Any CPU = Release|Any CPU
	EndGlobalSection
	GlobalSection(ProjectConfigurationPlatforms) = postSolution
		{4BED7010-ADCE-4BD0-8BDC-BE2A2689F9CF}.Debug|Any CPU.ActiveCfg = Debug|Any CPU
		{4BED7010-ADCE-4BD0-8BDC-BE2A2689F9CF}.Debug|Any CPU.Build.0 = Debug|Any CPU
		{4BED7010-ADCE-4BD0-8BDC-BE2A2689F9CF}.Release|Any CPU.ActiveCfg = Release|Any CPU
		{4BED7010-ADCE-4BD0-8BDC-BE2A2689F9CF}.Release|Any CPU.Build.0 = Release|Any CPU
		{C2A8C4A2-3B9D-4BD1-A670-01EE9C772F90}.Debug|Any CPU.ActiveCfg = Debug|Any CPU
		{C2A8C4A2-3B9D-4BD1-A670-01EE9C772F90}.Debug|Any CPU.Build.0 = Debug|Any CPU
		{C2A8C4A2-3B9D-4BD1-A670-01EE9C772F90}.Release|Any CPU.ActiveCfg = Release|Any CPU
		{C2A8C4A2-3B9D-4BD1-A670-01EE9C772F90}.Release|Any CPU.Build.0 = Release|Any CPU
		{04DA3CEE-FEFA-4B18-A36A-353FB454C58C}.Debug|Any CPU.ActiveCfg = Debug|Any CPU
		{04DA3CEE-FEFA-4B18-A36A-353FB454C58C}.Debug|Any CPU.Build.0 = Debug|Any CPU
		{04DA3CEE-FEFA-4B18-A36A-353FB454C58C}.Release|Any CPU.ActiveCfg = Release|Any CPU
		{04DA3CEE-FEFA-4B18-A36A-353FB454C58C}.Release|Any CPU.Build.0 = Release|Any CPU
	EndGlobalSection
	GlobalSection(SolutionProperties) = preSolution
		HideSolutionNode = FALSE
	EndGlobalSection
	GlobalSection(ExtensibilityGlobals) = postSolution
		SolutionGuid = {A1297E88-8660-481B-A2FF-02D130B593EC}
	EndGlobalSection
EndGlobal
